
Microsoft Visual Studio Solution File, Format Version 12.00
# Visual Studio Version 16
VisualStudioVersion = 16.0.30204.135
MinimumVisualStudioVersion = 10.0.40219.1
Project("{FAE04EC0-301F-11D3-BF4B-00C04F79EFBC}") = "DesktopSkin", "DesktopSkin\DesktopSkin.csproj", "{B5ABADED-AC49-4FE9-86C2-566D5E0A3135}"
EndProject
Global
	GlobalSection(SolutionConfigurationPlatforms) = preSolution
		Debug|Any CPU = Debug|Any CPU
		Release|Any CPU = Release|Any CPU
	EndGlobalSection
	GlobalSection(ProjectConfigurationPlatforms) = postSolution
		{B5ABADED-AC49-4FE9-86C2-566D5E0A3135}.Debug|Any CPU.ActiveCfg = Debug|Any CPU
		{B5ABADED-AC49-4FE9-86C2-566D5E0A3135}.Debug|Any CPU.Build.0 = Debug|Any CPU
		{B5ABADED-AC49-4FE9-86C2-566D5E0A3135}.Release|Any CPU.ActiveCfg = Release|Any CPU
		{B5ABADED-AC49-4FE9-86C2-566D5E0A3135}.Release|Any CPU.Build.0 = Release|Any CPU
	EndGlobalSection
	GlobalSection(SolutionProperties) = preSolution
		HideSolutionNode = FALSE
	EndGlobalSection
	GlobalSection(ExtensibilityGlobals) = postSolution
		SolutionGuid = {36EF8F60-9360-447D-9800-D431D1D9AB59}
	EndGlobalSection
EndGlobal
